
Microsoft Visual Studio Solution File, Format Version 12.00
# Visual Studio Version 16
VisualStudioVersion = 16.0.28803.352
MinimumVisualStudioVersion = 10.0.40219.1
Project("{FAE04EC0-301F-11D3-BF4B-00C04F79EFBC}") = "PG_MPROTO.Android", "PG_MPROTO\PG_MPROTO.Android\PG_MPROTO.Android.csproj", "{B5CABA1C-AAF2-4CC7-831A-B8AF08894E2A}"
EndProject
Project("{FAE04EC0-301F-11D3-BF4B-00C04F79EFBC}") = "PG_MPROTO.iOS", "PG_MPROTO\PG_MPROTO.iOS\PG_MPROTO.iOS.csproj", "{4D894B32-1C22-405A-A42E-842223258D47}"
EndProject
Project("{FAE04EC0-301F-11D3-BF4B-00C04F79EFBC}") = "PG_MPROTO", "PG_MPROTO\PG_MPROTO\PG_MPROTO.csproj", "{674CBBB9-DF22-4BFF-994E-0C21D65F42EF}"
EndProject
Global
	GlobalSection(SolutionConfigurationPlatforms) = preSolution
		Debug|Any CPU = Debug|Any CPU
		Debug|iPhone = Debug|iPhone
		Debug|iPhoneSimulator = Debug|iPhoneSimulator
		Release|Any CPU = Release|Any CPU
		Release|iPhone = Release|iPhone
		Release|iPhoneSimulator = Release|iPhoneSimulator
	EndGlobalSection
	GlobalSection(ProjectConfigurationPlatforms) = postSolution
		{B5CABA1C-AAF2-4CC7-831A-B8AF08894E2A}.Debug|Any CPU.ActiveCfg = Debug|Any CPU
		{B5CABA1C-AAF2-4CC7-831A-B8AF08894E2A}.Debug|Any CPU.Build.0 = Debug|Any CPU
		{B5CABA1C-AAF2-4CC7-831A-B8AF08894E2A}.Debug|Any CPU.Deploy.0 = Debug|Any CPU
		{B5CABA1C-AAF2-4CC7-831A-B8AF08894E2A}.Debug|iPhone.ActiveCfg = Debug|Any CPU
		{B5CABA1C-AAF2-4CC7-831A-B8AF08894E2A}.Debug|iPhone.Build.0 = Debug|Any CPU
		{B5CABA1C-AAF2-4CC7-831A-B8AF08894E2A}.Debug|iPhone.Deploy.0 = Debug|Any CPU
		{B5CABA1C-AAF2-4CC7-831A-B8AF08894E2A}.Debug|iPhoneSimulator.ActiveCfg = Debug|Any CPU
		{B5CABA1C-AAF2-4CC7-831A-B8AF08894E2A}.Debug|iPhoneSimulator.Build.0 = Debug|Any CPU
		{B5CABA1C-AAF2-4CC7-831A-B8AF08894E2A}.Debug|iPhoneSimulator.Deploy.0 = Debug|Any CPU
		{B5CABA1C-AAF2-4CC7-831A-B8AF08894E2A}.Release|Any CPU.ActiveCfg = Release|Any CPU
		{B5CABA1C-AAF2-4CC7-831A-B8AF08894E2A}.Release|Any CPU.Build.0 = Release|Any CPU
		{B5CABA1C-AAF2-4CC7-831A-B8AF08894E2A}.Release|Any CPU.Deploy.0 = Release|Any CPU
		{B5CABA1C-AAF2-4CC7-831A-B8AF08894E2A}.Release|iPhone.ActiveCfg = Release|Any CPU
		{B5CABA1C-AAF2-4CC7-831A-B8AF08894E2A}.Release|iPhone.Build.0 = Release|Any CPU
		{B5CABA1C-AAF2-4CC7-831A-B8AF08894E2A}.Release|iPhone.Deploy.0 = Release|Any CPU
		{B5CABA1C-AAF2-4CC7-831A-B8AF08894E2A}.Release|iPhoneSimulator.ActiveCfg = Release|Any CPU
		{B5CABA1C-AAF2-4CC7-831A-B8AF08894E2A}.Release|iPhoneSimulator.Build.0 = Release|Any CPU
		{B5CABA1C-AAF2-4CC7-831A-B8AF08894E2A}.Release|iPhoneSimulator.Deploy.0 = Release|Any CPU
		{4D894B32-1C22-405A-A42E-842223258D47}.Debug|Any CPU.ActiveCfg = Debug|iPhoneSimulator
		{4D894B32-1C22-405A-A42E-842223258D47}.Debug|Any CPU.Build.0 = Debug|iPhoneSimulator
		{4D894B32-1C22-405A-A42E-842223258D47}.Debug|Any CPU.Deploy.0 = Debug|iPhoneSimulator
		{4D894B32-1C22-405A-A42E-842223258D47}.Debug|iPhone.ActiveCfg = Debug|iPhone
		{4D894B32-1C22-405A-A42E-842223258D47}.Debug|iPhone.Build.0 = Debug|iPhone
		{4D894B32-1C22-405A-A42E-842223258D47}.Debug|iPhone.Deploy.0 = Debug|iPhone
		{4D894B32-1C22-405A-A42E-842223258D47}.Debug|iPhoneSimulator.ActiveCfg = Debug|iPhoneSimulator
		{4D894B32-1C22-405A-A42E-842223258D47}.Debug|iPhoneSimulator.Build.0 = Debug|iPhoneSimulator
		{4D894B32-1C22-405A-A42E-842223258D47}.Debug|iPhoneSimulator.Deploy.0 = Debug|iPhoneSimulator
		{4D894B32-1C22-405A-A42E-842223258D47}.Release|Any CPU.ActiveCfg = Release|iPhone
		{4D894B32-1C22-405A-A42E-842223258D47}.Release|Any CPU.Build.0 = Release|iPhone
		{4D894B32-1C22-405A-A42E-842223258D47}.Release|Any CPU.Deploy.0 = Release|iPhone
		{4D894B32-1C22-405A-A42E-842223258D47}.Release|iPhone.ActiveCfg = Release|iPhone
		{4D894B32-1C22-405A-A42E-842223258D47}.Release|iPhone.Build.0 = Release|iPhone
		{4D894B32-1C22-405A-A42E-842223258D47}.Release|iPhone.Deploy.0 = Release|iPhone
		{4D894B32-1C22-405A-A42E-842223258D47}.Release|iPhoneSimulator.ActiveCfg = Release|iPhoneSimulator
		{4D894B32-1C22-405A-A42E-842223258D47}.Release|iPhoneSimulator.Build.0 = Release|iPhoneSimulator
		{4D894B32-1C22-405A-A42E-842223258D47}.Release|iPhoneSimulator.Deploy.0 = Release|iPhoneSimulator
		{674CBBB9-DF22-4BFF-994E-0C21D65F42EF}.Debug|Any CPU.ActiveCfg = Debug|Any CPU
		{674CBBB9-DF22-4BFF-994E-0C21D65F42EF}.Debug|Any CPU.Build.0 = Debug|Any CPU
		{674CBBB9-DF22-4BFF-994E-0C21D65F42EF}.Debug|Any CPU.Deploy.0 = Debug|Any CPU
		{674CBBB9-DF22-4BFF-994E-0C21D65F42EF}.Debug|iPhone.ActiveCfg = Debug|Any CPU
		{674CBBB9-DF22-4BFF-994E-0C21D65F42EF}.Debug|iPhone.Build.0 = Debug|Any CPU
		{674CBBB9-DF22-4BFF-994E-0C21D65F42EF}.Debug|iPhone.Deploy.0 = Debug|Any CPU
		{674CBBB9-DF22-4BFF-994E-0C21D65F42EF}.Debug|iPhoneSimulator.ActiveCfg = Debug|Any CPU
		{674CBBB9-DF22-4BFF-994E-0C21D65F42EF}.Debug|iPhoneSimulator.Build.0 = Debug|Any CPU
		{674CBBB9-DF22-4BFF-994E-0C21D65F42EF}.Debug|iPhoneSimulator.Deploy.0 = Debug|Any CPU
		{674CBBB9-DF22-4BFF-994E-0C21D65F42EF}.Release|Any CPU.ActiveCfg = Release|Any CPU
		{674CBBB9-DF22-4BFF-994E-0C21D65F42EF}.Release|Any CPU.Build.0 = Release|Any CPU
		{674CBBB9-DF22-4BFF-994E-0C21D65F42EF}.Release|Any CPU.Deploy.0 = Release|Any CPU
		{674CBBB9-DF22-4BFF-994E-0C21D65F42EF}.Release|iPhone.ActiveCfg = Release|Any CPU
		{674CBBB9-DF22-4BFF-994E-0C21D65F42EF}.Release|iPhone.Build.0 = Release|Any CPU
		{674CBBB9-DF22-4BFF-994E-0C21D65F42EF}.Release|iPhone.Deploy.0 = Release|Any CPU
		{674CBBB9-DF22-4BFF-994E-0C21D65F42EF}.Release|iPhoneSimulator.ActiveCfg = Release|Any CPU
		{674CBBB9-DF22-4BFF-994E-0C21D65F42EF}.Release|iPhoneSimulator.Build.0 = Release|Any CPU
		{674CBBB9-DF22-4BFF-994E-0C21D65F42EF}.Release|iPhoneSimulator.Deploy.0 = Release|Any CPU
	EndGlobalSection
	GlobalSection(SolutionProperties) = preSolution
		HideSolutionNode = FALSE
	EndGlobalSection
	GlobalSection(ExtensibilityGlobals) = postSolution
		SolutionGuid = {583908CD-892F-4107-9042-9417EAF40F4A}
	EndGlobalSection
EndGlobal
